// !$*UTF8*$!
{
	archiveVersion = 1;
	classes = {
	};
	objectVersion = 56;
	objects = {

/* Begin PBXBuildFile section */
		A97C89A62C75489D002E27DC /* mc_grass.png in Resources */ = {isa = PBXBuildFile; fileRef = 3E9F222429A060BA00383DCA /* mc_grass.png */; };
		A97C89A72C754D1D002E27DC /* AovelSansRounded-rdDL.ttf in Resources */ = {isa = PBXBuildFile; fileRef = A97C89A32C752FCF002E27DC /* AovelSansRounded-rdDL.ttf */; };
		A97C89A82C754D1D002E27DC /* NaturalMonoRegular-9YBeK.ttf in Resources */ = {isa = PBXBuildFile; fileRef = A97C89A42C752FCF002E27DC /* NaturalMonoRegular-9YBeK.ttf */; };
		A98297F12C5ED6D900211F0E /* Assets.xcassets in Resources */ = {isa = PBXBuildFile; fileRef = A98297F02C5ED6D900211F0E /* Assets.xcassets */; };
		A983C4562C5EBE0C001AD35D /* MetalKit.framework in Frameworks */ = {isa = PBXBuildFile; fileRef = A93531F22B621E7E00347F4A /* MetalKit.framework */; settings = {ATTRIBUTES = (Required, ); }; };
		A983C4572C5EBE10001AD35D /* Metal.framework in Frameworks */ = {isa = PBXBuildFile; fileRef = 3E581F1729871D3400E5CDF6 /* Metal.framework */; settings = {ATTRIBUTES = (Required, ); }; };
		A983C4582C5EBE16001AD35D /* AppKit.framework in Frameworks */ = {isa = PBXBuildFile; fileRef = A93531F02B621E7A00347F4A /* AppKit.framework */; settings = {ATTRIBUTES = (Required, ); }; };
		A983C45A2C5EBE3D001AD35D /* Cocoa.framework in Frameworks */ = {isa = PBXBuildFile; fileRef = 3E32489229CFFEF3009CDE34 /* Cocoa.framework */; settings = {ATTRIBUTES = (Required, ); }; };
		A983C45B2C5EBE7F001AD35D /* IOKit.framework in Frameworks */ = {isa = PBXBuildFile; fileRef = 3E32489029CFFEEF009CDE34 /* IOKit.framework */; settings = {ATTRIBUTES = (Required, ); }; };
		A983C45C2C5EBE85001AD35D /* QuartzCore.framework in Frameworks */ = {isa = PBXBuildFile; fileRef = 3E581F1529871D3000E5CDF6 /* QuartzCore.framework */; settings = {ATTRIBUTES = (Required, ); }; };
		A983C46F2C5EBEBA001AD35D /* cube.metal in Sources */ = {isa = PBXBuildFile; fileRef = A9D700202C502B7B002A50BA /* cube.metal */; };
		A983C4702C5EBEBA001AD35D /* main.cpp in Sources */ = {isa = PBXBuildFile; fileRef = 3E56AB66297E0E6E00DB5F4F /* main.cpp */; };
		A9889DD42C605BBA00245914 /* Foundation.framework in Frameworks */ = {isa = PBXBuildFile; fileRef = A9C908282C5EEA49000B2197 /* Foundation.framework */; settings = {ATTRIBUTES = (Required, ); }; };
		A9889DD52C605BC700245914 /* GameController.framework in Frameworks */ = {isa = PBXBuildFile; fileRef = A9C908112C5EE970000B2197 /* GameController.framework */; settings = {ATTRIBUTES = (Required, ); }; };
		A9F683282C70327D00987BA7 /* LightningEngineCore.framework in Frameworks */ = {isa = PBXBuildFile; fileRef = A9F6830C2C702CEE00987BA7 /* LightningEngineCore.framework */; };
		A9F683292C70327D00987BA7 /* LightningEngineCore.framework in Embed Frameworks */ = {isa = PBXBuildFile; fileRef = A9F6830C2C702CEE00987BA7 /* LightningEngineCore.framework */; settings = {ATTRIBUTES = (CodeSignOnCopy, RemoveHeadersOnCopy, ); }; };
/* End PBXBuildFile section */

/* Begin PBXCopyFilesBuildPhase section */
		A983C4882C5ED05A001AD35D /* Embed ExtensionKit Extensions */ = {
			isa = PBXCopyFilesBuildPhase;
			buildActionMask = 2147483647;
			dstPath = "$(EXTENSIONS_FOLDER_PATH)";
			dstSubfolderSpec = 16;
			files = (
			);
			name = "Embed ExtensionKit Extensions";
			runOnlyForDeploymentPostprocessing = 0;
		};
		A9F6832A2C70327D00987BA7 /* Embed Frameworks */ = {
			isa = PBXCopyFilesBuildPhase;
			buildActionMask = 2147483647;
			dstPath = "";
			dstSubfolderSpec = 10;
			files = (
				A9F683292C70327D00987BA7 /* LightningEngineCore.framework in Embed Frameworks */,
			);
			name = "Embed Frameworks";
			runOnlyForDeploymentPostprocessing = 0;
		};
/* End PBXCopyFilesBuildPhase section */

/* Begin PBXFileReference section */
		3E32489029CFFEEF009CDE34 /* IOKit.framework */ = {isa = PBXFileReference; lastKnownFileType = wrapper.framework; name = IOKit.framework; path = System/Library/Frameworks/IOKit.framework; sourceTree = SDKROOT; };
		3E32489229CFFEF3009CDE34 /* Cocoa.framework */ = {isa = PBXFileReference; lastKnownFileType = wrapper.framework; name = Cocoa.framework; path = System/Library/Frameworks/Cocoa.framework; sourceTree = SDKROOT; };
		3E56AB66297E0E6E00DB5F4F /* main.cpp */ = {isa = PBXFileReference; lastKnownFileType = sourcecode.cpp.cpp; path = main.cpp; sourceTree = "<group>"; };
		3E581F1529871D3000E5CDF6 /* QuartzCore.framework */ = {isa = PBXFileReference; lastKnownFileType = wrapper.framework; name = QuartzCore.framework; path = System/Library/Frameworks/QuartzCore.framework; sourceTree = SDKROOT; };
		3E581F1729871D3400E5CDF6 /* Metal.framework */ = {isa = PBXFileReference; lastKnownFileType = wrapper.framework; name = Metal.framework; path = System/Library/Frameworks/Metal.framework; sourceTree = SDKROOT; };
		3E76CD7129876E7600178E19 /* square.metal */ = {isa = PBXFileReference; lastKnownFileType = sourcecode.metal; path = square.metal; sourceTree = "<group>"; };
		3E9F222429A060BA00383DCA /* mc_grass.png */ = {isa = PBXFileReference; lastKnownFileType = image.png; name = mc_grass.png; path = assets/mc_grass.png; sourceTree = SOURCE_ROOT; };
		A93531F02B621E7A00347F4A /* AppKit.framework */ = {isa = PBXFileReference; lastKnownFileType = wrapper.framework; name = AppKit.framework; path = System/Library/Frameworks/AppKit.framework; sourceTree = SDKROOT; };
		A93531F22B621E7E00347F4A /* MetalKit.framework */ = {isa = PBXFileReference; lastKnownFileType = wrapper.framework; name = MetalKit.framework; path = System/Library/Frameworks/MetalKit.framework; sourceTree = SDKROOT; };
		A97C89A32C752FCF002E27DC /* AovelSansRounded-rdDL.ttf */ = {isa = PBXFileReference; lastKnownFileType = file; name = "AovelSansRounded-rdDL.ttf"; path = "../../../../Users/kianmarvi/Documents/LightningEngine/LightningEngine/assets/Fonts/AovelSansRounded-rdDL.ttf"; sourceTree = DEVELOPER_DIR; };
		A97C89A42C752FCF002E27DC /* NaturalMonoRegular-9YBeK.ttf */ = {isa = PBXFileReference; lastKnownFileType = file; path = "NaturalMonoRegular-9YBeK.ttf"; sourceTree = "<group>"; };
		A98297F02C5ED6D900211F0E /* Assets.xcassets */ = {isa = PBXFileReference; lastKnownFileType = folder.assetcatalog; path = Assets.xcassets; sourceTree = "<group>"; };
		A983C4422C5EBDB1001AD35D /* LightningEngine - macOS.app */ = {isa = PBXFileReference; explicitFileType = wrapper.application; includeInIndex = 0; path = "LightningEngine - macOS.app"; sourceTree = BUILT_PRODUCTS_DIR; };
		A9AC1D6D2C196E910042B302 /* LightningEngine.entitlements */ = {isa = PBXFileReference; lastKnownFileType = text.plist.entitlements; path = LightningEngine.entitlements; sourceTree = "<group>"; };
		A9C9080F2C5EE968000B2197 /* UIKit.framework */ = {isa = PBXFileReference; lastKnownFileType = wrapper.framework; name = UIKit.framework; path = Platforms/iPhoneOS.platform/Developer/SDKs/iPhoneOS17.5.sdk/System/Library/Frameworks/UIKit.framework; sourceTree = DEVELOPER_DIR; };
		A9C908112C5EE970000B2197 /* GameController.framework */ = {isa = PBXFileReference; lastKnownFileType = wrapper.framework; name = GameController.framework; path = Platforms/iPhoneOS.platform/Developer/SDKs/iPhoneOS17.5.sdk/System/Library/Frameworks/GameController.framework; sourceTree = DEVELOPER_DIR; };
		A9C908152C5EE9A0000B2197 /* QuartzCore.framework */ = {isa = PBXFileReference; lastKnownFileType = wrapper.framework; name = QuartzCore.framework; path = Platforms/iPhoneOS.platform/Developer/SDKs/iPhoneOS17.5.sdk/System/Library/Frameworks/QuartzCore.framework; sourceTree = DEVELOPER_DIR; };
		A9C908282C5EEA49000B2197 /* Foundation.framework */ = {isa = PBXFileReference; lastKnownFileType = wrapper.framework; name = Foundation.framework; path = Platforms/iPhoneOS.platform/Developer/SDKs/iPhoneOS17.5.sdk/System/Library/Frameworks/Foundation.framework; sourceTree = DEVELOPER_DIR; };
		A9D700202C502B7B002A50BA /* cube.metal */ = {isa = PBXFileReference; lastKnownFileType = sourcecode.metal; path = cube.metal; sourceTree = "<group>"; };
		A9E077522B6490BA0085E7A5 /* sonic.png */ = {isa = PBXFileReference; lastKnownFileType = image.png; path = sonic.png; sourceTree = "<group>"; };
		A9F6830C2C702CEE00987BA7 /* LightningEngineCore.framework */ = {isa = PBXFileReference; explicitFileType = wrapper.framework; path = LightningEngineCore.framework; sourceTree = BUILT_PRODUCTS_DIR; };
/* End PBXFileReference section */

/* Begin PBXFrameworksBuildPhase section */
		A983C43F2C5EBDB1001AD35D /* Frameworks */ = {
			isa = PBXFrameworksBuildPhase;
			buildActionMask = 2147483647;
			files = (
				A9889DD42C605BBA00245914 /* Foundation.framework in Frameworks */,
				A983C45C2C5EBE85001AD35D /* QuartzCore.framework in Frameworks */,
				A983C45B2C5EBE7F001AD35D /* IOKit.framework in Frameworks */,
				A983C45A2C5EBE3D001AD35D /* Cocoa.framework in Frameworks */,
				A983C4582C5EBE16001AD35D /* AppKit.framework in Frameworks */,
				A983C4572C5EBE10001AD35D /* Metal.framework in Frameworks */,
				A983C4562C5EBE0C001AD35D /* MetalKit.framework in Frameworks */,
				A9F683282C70327D00987BA7 /* LightningEngineCore.framework in Frameworks */,
				A9889DD52C605BC700245914 /* GameController.framework in Frameworks */,
			);
			runOnlyForDeploymentPostprocessing = 0;
		};
/* End PBXFrameworksBuildPhase section */

/* Begin PBXGroup section */
		3E56AB5A297E0E6E00DB5F4F = {
			isa = PBXGroup;
			children = (
				3E56AB65297E0E6E00DB5F4F /* LightningEngine */,
				3E56AB64297E0E6E00DB5F4F /* Products */,
				3E581F1429871D3000E5CDF6 /* Frameworks */,
			);
			sourceTree = "<group>";
		};
		3E56AB64297E0E6E00DB5F4F /* Products */ = {
			isa = PBXGroup;
			children = (
				A983C4422C5EBDB1001AD35D /* LightningEngine - macOS.app */,
			);
			name = Products;
			sourceTree = "<group>";
		};
		3E56AB65297E0E6E00DB5F4F /* LightningEngine */ = {
			isa = PBXGroup;
			children = (
				A9AC1D6D2C196E910042B302 /* LightningEngine.entitlements */,
				3E9F222329A060A600383DCA /* assets */,
				A908D4172B6CE1B000C845F2 /* Shaders */,
				3E56AB66297E0E6E00DB5F4F /* main.cpp */,
			);
			name = LightningEngine;
			sourceTree = "<group>";
		};
		3E581F1429871D3000E5CDF6 /* Frameworks */ = {
			isa = PBXGroup;
			children = (
				A9F6830C2C702CEE00987BA7 /* LightningEngineCore.framework */,
				A9C908282C5EEA49000B2197 /* Foundation.framework */,
				A9C908152C5EE9A0000B2197 /* QuartzCore.framework */,
				A9C908112C5EE970000B2197 /* GameController.framework */,
				A9C9080F2C5EE968000B2197 /* UIKit.framework */,
				A93531F22B621E7E00347F4A /* MetalKit.framework */,
				A93531F02B621E7A00347F4A /* AppKit.framework */,
				3E32489229CFFEF3009CDE34 /* Cocoa.framework */,
				3E32489029CFFEEF009CDE34 /* IOKit.framework */,
				3E581F1729871D3400E5CDF6 /* Metal.framework */,
				3E581F1529871D3000E5CDF6 /* QuartzCore.framework */,
			);
			name = Frameworks;
			sourceTree = "<group>";
		};
		3E9F222329A060A600383DCA /* assets */ = {
			isa = PBXGroup;
			children = (
				A97C89A52C752FCF002E27DC /* Fonts */,
				A98297F02C5ED6D900211F0E /* Assets.xcassets */,
				A9E077522B6490BA0085E7A5 /* sonic.png */,
				3E9F222429A060BA00383DCA /* mc_grass.png */,
			);
			path = assets;
			sourceTree = "<group>";
		};
		A908D4172B6CE1B000C845F2 /* Shaders */ = {
			isa = PBXGroup;
			children = (
				3E76CD7129876E7600178E19 /* square.metal */,
				A9D700202C502B7B002A50BA /* cube.metal */,
			);
			path = Shaders;
			sourceTree = "<group>";
		};
		A97C89A52C752FCF002E27DC /* Fonts */ = {
			isa = PBXGroup;
			children = (
				A97C89A32C752FCF002E27DC /* AovelSansRounded-rdDL.ttf */,
				A97C89A42C752FCF002E27DC /* NaturalMonoRegular-9YBeK.ttf */,
			);
			path = Fonts;
			sourceTree = "<group>";
		};
/* End PBXGroup section */

/* Begin PBXNativeTarget section */
		A983C4412C5EBDB1001AD35D /* LightningEngine - macOS */ = {
			isa = PBXNativeTarget;
			buildConfigurationList = A983C4542C5EBDB2001AD35D /* Build configuration list for PBXNativeTarget "LightningEngine - macOS" */;
			buildPhases = (
				A983C43E2C5EBDB1001AD35D /* Sources */,
				A983C43F2C5EBDB1001AD35D /* Frameworks */,
				A983C4402C5EBDB1001AD35D /* Resources */,
				A983C4882C5ED05A001AD35D /* Embed ExtensionKit Extensions */,
				A9F6832A2C70327D00987BA7 /* Embed Frameworks */,
			);
			buildRules = (
			);
			dependencies = (
			);
			name = "LightningEngine - macOS";
			productName = "LightningEngine - macOS";
			productReference = A983C4422C5EBDB1001AD35D /* LightningEngine - macOS.app */;
			productType = "com.apple.product-type.application";
		};
/* End PBXNativeTarget section */

/* Begin PBXProject section */
		3E56AB5B297E0E6E00DB5F4F /* Project object */ = {
			isa = PBXProject;
			attributes = {
				BuildIndependentTargetsInParallel = 1;
				LastSwiftUpdateCheck = 1540;
				LastUpgradeCheck = 1540;
				TargetAttributes = {
					A983C4412C5EBDB1001AD35D = {
						CreatedOnToolsVersion = 15.4;
					};
				};
			};
			buildConfigurationList = 3E56AB5E297E0E6E00DB5F4F /* Build configuration list for PBXProject "LightningEngine" */;
			compatibilityVersion = "Xcode 14.0";
			developmentRegion = en;
			hasScannedForEncodings = 0;
			knownRegions = (
				en,
				Base,
			);
			mainGroup = 3E56AB5A297E0E6E00DB5F4F;
			productRefGroup = 3E56AB64297E0E6E00DB5F4F /* Products */;
			projectDirPath = "";
			projectRoot = "";
			targets = (
				A983C4412C5EBDB1001AD35D /* LightningEngine - macOS */,
			);
		};
/* End PBXProject section */

/* Begin PBXResourcesBuildPhase section */
		A983C4402C5EBDB1001AD35D /* Resources */ = {
			isa = PBXResourcesBuildPhase;
			buildActionMask = 2147483647;
			files = (
				A97C89A72C754D1D002E27DC /* AovelSansRounded-rdDL.ttf in Resources */,
				A97C89A82C754D1D002E27DC /* NaturalMonoRegular-9YBeK.ttf in Resources */,
				A97C89A62C75489D002E27DC /* mc_grass.png in Resources */,
				A98297F12C5ED6D900211F0E /* Assets.xcassets in Resources */,
			);
			runOnlyForDeploymentPostprocessing = 0;
		};
/* End PBXResourcesBuildPhase section */

/* Begin PBXSourcesBuildPhase section */
		A983C43E2C5EBDB1001AD35D /* Sources */ = {
			isa = PBXSourcesBuildPhase;
			buildActionMask = 2147483647;
			files = (
				A983C46F2C5EBEBA001AD35D /* cube.metal in Sources */,
				A983C4702C5EBEBA001AD35D /* main.cpp in Sources */,
			);
			runOnlyForDeploymentPostprocessing = 0;
		};
/* End PBXSourcesBuildPhase section */

/* Begin XCBuildConfiguration section */
		3E56AB68297E0E6E00DB5F4F /* Debug */ = {
			isa = XCBuildConfiguration;
			buildSettings = {
				ALWAYS_SEARCH_USER_PATHS = NO;
				CLANG_ANALYZER_NONNULL = YES;
				CLANG_ANALYZER_NUMBER_OBJECT_CONVERSION = YES_AGGRESSIVE;
				CLANG_CXX_LANGUAGE_STANDARD = "gnu++20";
				CLANG_ENABLE_MODULES = YES;
				CLANG_ENABLE_OBJC_ARC = YES;
				CLANG_ENABLE_OBJC_WEAK = YES;
				CLANG_WARN_BLOCK_CAPTURE_AUTORELEASING = YES;
				CLANG_WARN_BOOL_CONVERSION = YES;
				CLANG_WARN_COMMA = YES;
				CLANG_WARN_CONSTANT_CONVERSION = YES;
				CLANG_WARN_DEPRECATED_OBJC_IMPLEMENTATIONS = NO;
				CLANG_WARN_DIRECT_OBJC_ISA_USAGE = YES_ERROR;
				CLANG_WARN_DOCUMENTATION_COMMENTS = YES;
				CLANG_WARN_EMPTY_BODY = YES;
				CLANG_WARN_ENUM_CONVERSION = YES;
				CLANG_WARN_INFINITE_RECURSION = YES;
				CLANG_WARN_INT_CONVERSION = YES;
				CLANG_WARN_NON_LITERAL_NULL_CONVERSION = YES;
				CLANG_WARN_OBJC_IMPLICIT_RETAIN_SELF = YES;
				CLANG_WARN_OBJC_LITERAL_CONVERSION = YES;
				CLANG_WARN_OBJC_ROOT_CLASS = YES_ERROR;
				CLANG_WARN_QUOTED_INCLUDE_IN_FRAMEWORK_HEADER = YES;
				CLANG_WARN_RANGE_LOOP_ANALYSIS = YES;
				CLANG_WARN_STRICT_PROTOTYPES = YES;
				CLANG_WARN_SUSPICIOUS_MOVE = YES;
				CLANG_WARN_UNGUARDED_AVAILABILITY = YES_AGGRESSIVE;
				CLANG_WARN_UNREACHABLE_CODE = YES;
				CLANG_WARN__DUPLICATE_METHOD_MATCH = YES;
				COPY_PHASE_STRIP = NO;
				DEAD_CODE_STRIPPING = YES;
				DEBUG_INFORMATION_FORMAT = dwarf;
				ENABLE_STRICT_OBJC_MSGSEND = YES;
				ENABLE_TESTABILITY = YES;
				ENABLE_USER_SCRIPT_SANDBOXING = YES;
				GCC_C_LANGUAGE_STANDARD = gnu11;
				GCC_DYNAMIC_NO_PIC = NO;
				GCC_NO_COMMON_BLOCKS = NO;
				GCC_OPTIMIZATION_LEVEL = 0;
				GCC_PREPROCESSOR_DEFINITIONS = (
					"DEBUG=1",
					"$(inherited)",
				);
				GCC_WARN_64_TO_32_BIT_CONVERSION = YES;
				GCC_WARN_ABOUT_DEPRECATED_FUNCTIONS = NO;
				GCC_WARN_ABOUT_RETURN_TYPE = YES_ERROR;
				GCC_WARN_UNDECLARED_SELECTOR = YES;
				GCC_WARN_UNINITIALIZED_AUTOS = YES_AGGRESSIVE;
				GCC_WARN_UNUSED_FUNCTION = YES;
				GCC_WARN_UNUSED_VARIABLE = YES;
				HEADER_SEARCH_PATHS = (
					"$(PROJECT_DIR)/../../../ThirdParty/metal-cpp",
					"$(PROJECT_DIR)/../../../ThirdParty/metal-cpp-extensions",
				);
				LIBRARY_SEARCH_PATHS = "";
				MACOSX_DEPLOYMENT_TARGET = 12.0;
				MTL_ENABLE_DEBUG_INFO = INCLUDE_SOURCE;
				MTL_FAST_MATH = YES;
				ONLY_ACTIVE_ARCH = YES;
				SDKROOT = macosx;
			};
			name = Debug;
		};
		3E56AB69297E0E6E00DB5F4F /* Release */ = {
			isa = XCBuildConfiguration;
			buildSettings = {
				ALWAYS_SEARCH_USER_PATHS = NO;
				CLANG_ANALYZER_NONNULL = YES;
				CLANG_ANALYZER_NUMBER_OBJECT_CONVERSION = YES_AGGRESSIVE;
				CLANG_CXX_LANGUAGE_STANDARD = "gnu++20";
				CLANG_ENABLE_MODULES = YES;
				CLANG_ENABLE_OBJC_ARC = YES;
				CLANG_ENABLE_OBJC_WEAK = YES;
				CLANG_WARN_BLOCK_CAPTURE_AUTORELEASING = YES;
				CLANG_WARN_BOOL_CONVERSION = YES;
				CLANG_WARN_COMMA = YES;
				CLANG_WARN_CONSTANT_CONVERSION = YES;
				CLANG_WARN_DEPRECATED_OBJC_IMPLEMENTATIONS = NO;
				CLANG_WARN_DIRECT_OBJC_ISA_USAGE = YES_ERROR;
				CLANG_WARN_DOCUMENTATION_COMMENTS = YES;
				CLANG_WARN_EMPTY_BODY = YES;
				CLANG_WARN_ENUM_CONVERSION = YES;
				CLANG_WARN_INFINITE_RECURSION = YES;
				CLANG_WARN_INT_CONVERSION = YES;
				CLANG_WARN_NON_LITERAL_NULL_CONVERSION = YES;
				CLANG_WARN_OBJC_IMPLICIT_RETAIN_SELF = YES;
				CLANG_WARN_OBJC_LITERAL_CONVERSION = YES;
				CLANG_WARN_OBJC_ROOT_CLASS = YES_ERROR;
				CLANG_WARN_QUOTED_INCLUDE_IN_FRAMEWORK_HEADER = YES;
				CLANG_WARN_RANGE_LOOP_ANALYSIS = YES;
				CLANG_WARN_STRICT_PROTOTYPES = YES;
				CLANG_WARN_SUSPICIOUS_MOVE = YES;
				CLANG_WARN_UNGUARDED_AVAILABILITY = YES_AGGRESSIVE;
				CLANG_WARN_UNREACHABLE_CODE = YES;
				CLANG_WARN__DUPLICATE_METHOD_MATCH = YES;
				COPY_PHASE_STRIP = NO;
				DEAD_CODE_STRIPPING = YES;
				DEBUG_INFORMATION_FORMAT = "dwarf-with-dsym";
				ENABLE_NS_ASSERTIONS = NO;
				ENABLE_STRICT_OBJC_MSGSEND = YES;
				ENABLE_USER_SCRIPT_SANDBOXING = YES;
				GCC_C_LANGUAGE_STANDARD = gnu11;
				GCC_NO_COMMON_BLOCKS = NO;
				GCC_WARN_64_TO_32_BIT_CONVERSION = YES;
				GCC_WARN_ABOUT_DEPRECATED_FUNCTIONS = NO;
				GCC_WARN_ABOUT_RETURN_TYPE = YES_ERROR;
				GCC_WARN_UNDECLARED_SELECTOR = YES;
				GCC_WARN_UNINITIALIZED_AUTOS = YES_AGGRESSIVE;
				GCC_WARN_UNUSED_FUNCTION = YES;
				GCC_WARN_UNUSED_VARIABLE = YES;
				HEADER_SEARCH_PATHS = (
					"$(PROJECT_DIR)/../../../ThirdParty/metal-cpp",
					"$(PROJECT_DIR)/../../../ThirdParty/metal-cpp-extensions",
				);
				LIBRARY_SEARCH_PATHS = "";
				MACOSX_DEPLOYMENT_TARGET = 12.0;
				MTL_ENABLE_DEBUG_INFO = NO;
				MTL_FAST_MATH = YES;
				SDKROOT = macosx;
			};
			name = Release;
		};
		A983C4522C5EBDB2001AD35D /* Debug */ = {
			isa = XCBuildConfiguration;
			buildSettings = {
				ASSETCATALOG_COMPILER_APPICON_NAME = AppIcon;
				ASSETCATALOG_COMPILER_GENERATE_SWIFT_ASSET_SYMBOL_EXTENSIONS = YES;
				ASSETCATALOG_COMPILER_GLOBAL_ACCENT_COLOR_NAME = AccentColor;
				ASSETCATALOG_COMPILER_INCLUDE_ALL_APPICON_ASSETS = NO;
				CLANG_CXX_LANGUAGE_STANDARD = "c++20";
				CLANG_WARN_DEPRECATED_OBJC_IMPLEMENTATIONS = YES;
				CODE_SIGN_IDENTITY = "-";
				"CODE_SIGN_IDENTITY[sdk=macosx*]" = "Apple Development";
				CODE_SIGN_STYLE = Automatic;
				COMBINE_HIDPI_IMAGES = YES;
				CURRENT_PROJECT_VERSION = 1;
				DEVELOPMENT_TEAM = DH9566CYW8;
				ENABLE_HARDENED_RUNTIME = YES;
				GCC_C_LANGUAGE_STANDARD = c17;
				GCC_NO_COMMON_BLOCKS = YES;
				GENERATE_INFOPLIST_FILE = YES;
				HEADER_SEARCH_PATHS = (
					"$(PROJECT_DIR)/../LightningEngineCore/LightningEngineCore/ThirdParty/imgui",
					"$(PROJECT_DIR)/../LightningEngineCore/LightningEngineCore/ThirdParty/metal-cpp-extensions",
					"$(PROJECT_DIR)/../LightningEngineCore/LightningEngineCore/ThirdParty/metal-cpp",
					"$(PROJECT_DIR)/../LightningEngineCore/LightningEngineCore",
				);
				INFOPLIST_KEY_LSApplicationCategoryType = "public.app-category.games";
				INFOPLIST_KEY_NSHumanReadableCopyright = "";
				INFOPLIST_KEY_NSPrincipalClass = NSApplication;
				LD_RUNPATH_SEARCH_PATHS = (
					"$(inherited)",
					"@executable_path/Frameworks",
				);
				LOCALIZATION_PREFERS_STRING_CATALOGS = YES;
				MACOSX_DEPLOYMENT_TARGET = 14.5;
				MARKETING_VERSION = 1.0;
				PRODUCT_BUNDLE_IDENTIFIER = "LightningInc.LightningEngine---macOS";
				PRODUCT_NAME = "$(TARGET_NAME)";
				SWIFT_EMIT_LOC_STRINGS = YES;
			};
			name = Debug;
		};
		A983C4532C5EBDB2001AD35D /* Release */ = {
			isa = XCBuildConfiguration;
			buildSettings = {
				ASSETCATALOG_COMPILER_APPICON_NAME = AppIcon;
				ASSETCATALOG_COMPILER_GENERATE_SWIFT_ASSET_SYMBOL_EXTENSIONS = YES;
				ASSETCATALOG_COMPILER_GLOBAL_ACCENT_COLOR_NAME = AccentColor;
				ASSETCATALOG_COMPILER_INCLUDE_ALL_APPICON_ASSETS = NO;
				CLANG_CXX_LANGUAGE_STANDARD = "c++20";
				CLANG_WARN_DEPRECATED_OBJC_IMPLEMENTATIONS = YES;
				CODE_SIGN_IDENTITY = "-";
				"CODE_SIGN_IDENTITY[sdk=macosx*]" = "Apple Development";
				CODE_SIGN_STYLE = Automatic;
				COMBINE_HIDPI_IMAGES = YES;
				CURRENT_PROJECT_VERSION = 1;
				DEVELOPMENT_TEAM = DH9566CYW8;
				ENABLE_HARDENED_RUNTIME = YES;
				GCC_C_LANGUAGE_STANDARD = c17;
				GCC_NO_COMMON_BLOCKS = YES;
				GENERATE_INFOPLIST_FILE = YES;
				HEADER_SEARCH_PATHS = (
					"$(PROJECT_DIR)/../LightningEngineCore/LightningEngineCore/ThirdParty/imgui",
					"$(PROJECT_DIR)/../LightningEngineCore/LightningEngineCore/ThirdParty/metal-cpp-extensions",
					"$(PROJECT_DIR)/../LightningEngineCore/LightningEngineCore/ThirdParty/metal-cpp",
					"$(PROJECT_DIR)/../LightningEngineCore/LightningEngineCore",
				);
				INFOPLIST_KEY_LSApplicationCategoryType = "public.app-category.games";
				INFOPLIST_KEY_NSHumanReadableCopyright = "";
				INFOPLIST_KEY_NSPrincipalClass = NSApplication;
				LD_RUNPATH_SEARCH_PATHS = (
					"$(inherited)",
					"@executable_path/Frameworks",
				);
				LOCALIZATION_PREFERS_STRING_CATALOGS = YES;
				MACOSX_DEPLOYMENT_TARGET = 14.5;
				MARKETING_VERSION = 1.0;
				PRODUCT_BUNDLE_IDENTIFIER = "LightningInc.LightningEngine---macOS";
				PRODUCT_NAME = "$(TARGET_NAME)";
				SWIFT_EMIT_LOC_STRINGS = YES;
			};
			name = Release;
		};
/* End XCBuildConfiguration section */

/* Begin XCConfigurationList section */
		3E56AB5E297E0E6E00DB5F4F /* Build configuration list for PBXProject "LightningEngine" */ = {
			isa = XCConfigurationList;
			buildConfigurations = (
				3E56AB68297E0E6E00DB5F4F /* Debug */,
				3E56AB69297E0E6E00DB5F4F /* Release */,
			);
			defaultConfigurationIsVisible = 0;
			defaultConfigurationName = Release;
		};
		A983C4542C5EBDB2001AD35D /* Build configuration list for PBXNativeTarget "LightningEngine - macOS" */ = {
			isa = XCConfigurationList;
			buildConfigurations = (
				A983C4522C5EBDB2001AD35D /* Debug */,
				A983C4532C5EBDB2001AD35D /* Release */,
			);
			defaultConfigurationIsVisible = 0;
			defaultConfigurationName = Release;
		};
/* End XCConfigurationList section */
	};
	rootObject = 3E56AB5B297E0E6E00DB5F4F /* Project object */;
}
